Microsoft Visual Studio Solution File, Format Version 12.00
# Visual Studio Version 17
VisualStudioVersion = 17.13.35825.156
MinimumVisualStudioVersion = 10.0.40219.1
Project("{FAE04EC0-301F-11D3-BF4B-00C04F79EFBC}") = "PRG261-Group Assignment", "PRG261-Group Assignment\PRG261-Group Assignment.csproj", "{B024BF17-C4DF-497F-8224-BC616EFCEEF5}"
EndProject
Global
	GlobalSection(SolutionConfigurationPlatforms) = preSolution
		Debug|Any CPU = Debug|Any CPU
		Release|Any CPU = Release|Any CPU
	EndGlobalSection
	GlobalSection(ProjectConfigurationPlatforms) = postSolution
		{B024BF17-C4DF-497F-8224-BC616EFCEEF5}.Debug|Any CPU.ActiveCfg = Debug|Any CPU
		{B024BF17-C4DF-497F-8224-BC616EFCEEF5}.Debug|Any CPU.Build.0 = Debug|Any CPU
		{B024BF17-C4DF-497F-8224-BC616EFCEEF5}.Release|Any CPU.ActiveCfg = Release|Any CPU
		{B024BF17-C4DF-497F-8224-BC616EFCEEF5}.Release|Any CPU.Build.0 = Release|Any CPU
	EndGlobalSection
	GlobalSection(SolutionProperties) = preSolution
		HideSolutionNode = FALSE
	EndGlobalSection
	GlobalSection(ExtensibilityGlobals) = postSolution
		SolutionGuid = {8885F371-57EC-4BE5-90F8-6B1D3645161F}
	EndGlobalSection
EndGlobal
